
Microsoft Visual Studio Solution File, Format Version 12.00
# Visual Studio Version 17
VisualStudioVersion = 17.0.32112.339
MinimumVisualStudioVersion = 10.0.40219.1
Project("{8BC9CEB8-8B4A-11D0-8D11-00A0C91BC942}") = "test_1_21", "test_1_21\test_1_21.vcxproj", "{EE393296-D55A-4CAA-B70C-CFB7D623CD1D}"
EndProject
Global
	GlobalSection(SolutionConfigurationPlatforms) = preSolution
		Debug|x64 = Debug|x64
		Debug|x86 = Debug|x86
		Release|x64 = Release|x64
		Release|x86 = Release|x86
	EndGlobalSection
	GlobalSection(ProjectConfigurationPlatforms) = postSolution
		{EE393296-D55A-4CAA-B70C-CFB7D623CD1D}.Debug|x64.ActiveCfg = Debug|x64
		{EE393296-D55A-4CAA-B70C-CFB7D623CD1D}.Debug|x64.Build.0 = Debug|x64
		{EE393296-D55A-4CAA-B70C-CFB7D623CD1D}.Debug|x86.ActiveCfg = Debug|Win32
		{EE393296-D55A-4CAA-B70C-CFB7D623CD1D}.Debug|x86.Build.0 = Debug|Win32
		{EE393296-D55A-4CAA-B70C-CFB7D623CD1D}.Release|x64.ActiveCfg = Release|x64
		{EE393296-D55A-4CAA-B70C-CFB7D623CD1D}.Release|x64.Build.0 = Release|x64
		{EE393296-D55A-4CAA-B70C-CFB7D623CD1D}.Release|x86.ActiveCfg = Release|Win32
		{EE393296-D55A-4CAA-B70C-CFB7D623CD1D}.Release|x86.Build.0 = Release|Win32
	EndGlobalSection
	GlobalSection(SolutionProperties) = preSolution
		HideSolutionNode = FALSE
	EndGlobalSection
	GlobalSection(ExtensibilityGlobals) = postSolution
		SolutionGuid = {F42C49E3-685A-4D17-9FA1-90E2869158C2}
	EndGlobalSection
EndGlobal
