
Microsoft Visual Studio Solution File, Format Version 12.00
# Visual Studio Version 17
VisualStudioVersion = 17.0.32002.185
MinimumVisualStudioVersion = 10.0.40219.1
Project("{8BC9CEB8-8B4A-11D0-8D11-00A0C91BC942}") = "test_1_8", "test_1_8\test_1_8.vcxproj", "{79674882-7874-40AB-83C1-9315CDC4EB75}"
EndProject
Global
	GlobalSection(SolutionConfigurationPlatforms) = preSolution
		Debug|x64 = Debug|x64
		Debug|x86 = Debug|x86
		Release|x64 = Release|x64
		Release|x86 = Release|x86
	EndGlobalSection
	GlobalSection(ProjectConfigurationPlatforms) = postSolution
		{79674882-7874-40AB-83C1-9315CDC4EB75}.Debug|x64.ActiveCfg = Debug|x64
		{79674882-7874-40AB-83C1-9315CDC4EB75}.Debug|x64.Build.0 = Debug|x64
		{79674882-7874-40AB-83C1-9315CDC4EB75}.Debug|x86.ActiveCfg = Debug|Win32
		{79674882-7874-40AB-83C1-9315CDC4EB75}.Debug|x86.Build.0 = Debug|Win32
		{79674882-7874-40AB-83C1-9315CDC4EB75}.Release|x64.ActiveCfg = Release|x64
		{79674882-7874-40AB-83C1-9315CDC4EB75}.Release|x64.Build.0 = Release|x64
		{79674882-7874-40AB-83C1-9315CDC4EB75}.Release|x86.ActiveCfg = Release|Win32
		{79674882-7874-40AB-83C1-9315CDC4EB75}.Release|x86.Build.0 = Release|Win32
	EndGlobalSection
	GlobalSection(SolutionProperties) = preSolution
		HideSolutionNode = FALSE
	EndGlobalSection
	GlobalSection(ExtensibilityGlobals) = postSolution
		SolutionGuid = {3C780A90-47E0-41F6-891A-F9DF74C5ED5F}
	EndGlobalSection
EndGlobal
