
Microsoft Visual Studio Solution File, Format Version 12.00
# Visual Studio Version 17
VisualStudioVersion = 17.0.32126.317
MinimumVisualStudioVersion = 10.0.40219.1
Project("{8BC9CEB8-8B4A-11D0-8D11-00A0C91BC942}") = "test.2.17", "test.2.17\test.2.17.vcxproj", "{44AEF034-3876-4156-8B3C-6CBDA25A3885}"
EndProject
Global
	GlobalSection(SolutionConfigurationPlatforms) = preSolution
		Debug|x64 = Debug|x64
		Debug|x86 = Debug|x86
		Release|x64 = Release|x64
		Release|x86 = Release|x86
	EndGlobalSection
	GlobalSection(ProjectConfigurationPlatforms) = postSolution
		{44AEF034-3876-4156-8B3C-6CBDA25A3885}.Debug|x64.ActiveCfg = Debug|x64
		{44AEF034-3876-4156-8B3C-6CBDA25A3885}.Debug|x64.Build.0 = Debug|x64
		{44AEF034-3876-4156-8B3C-6CBDA25A3885}.Debug|x86.ActiveCfg = Debug|Win32
		{44AEF034-3876-4156-8B3C-6CBDA25A3885}.Debug|x86.Build.0 = Debug|Win32
		{44AEF034-3876-4156-8B3C-6CBDA25A3885}.Release|x64.ActiveCfg = Release|x64
		{44AEF034-3876-4156-8B3C-6CBDA25A3885}.Release|x64.Build.0 = Release|x64
		{44AEF034-3876-4156-8B3C-6CBDA25A3885}.Release|x86.ActiveCfg = Release|Win32
		{44AEF034-3876-4156-8B3C-6CBDA25A3885}.Release|x86.Build.0 = Release|Win32
	EndGlobalSection
	GlobalSection(SolutionProperties) = preSolution
		HideSolutionNode = FALSE
	EndGlobalSection
	GlobalSection(ExtensibilityGlobals) = postSolution
		SolutionGuid = {58393E32-3512-4948-9014-856EC60000D0}
	EndGlobalSection
EndGlobal
